
Microsoft Visual Studio Solution File, Format Version 12.00
# Visual Studio 15
VisualStudioVersion = 15.0.28307.421
MinimumVisualStudioVersion = 10.0.40219.1
Project("{FAE04EC0-301F-11D3-BF4B-00C04F79EFBC}") = "Masini4Lab8", "Masini4Lab8\Masini4Lab8.csproj", "{824CADCA-464B-41C6-AE29-4C897B5C9AC4}"
EndProject
Global
	GlobalSection(SolutionConfigurationPlatforms) = preSolution
		Debug|Any CPU = Debug|Any CPU
		Release|Any CPU = Release|Any CPU
	EndGlobalSection
	GlobalSection(ProjectConfigurationPlatforms) = postSolution
		{824CADCA-464B-41C6-AE29-4C897B5C9AC4}.Debug|Any CPU.ActiveCfg = Debug|Any CPU
		{824CADCA-464B-41C6-AE29-4C897B5C9AC4}.Debug|Any CPU.Build.0 = Debug|Any CPU
		{824CADCA-464B-41C6-AE29-4C897B5C9AC4}.Release|Any CPU.ActiveCfg = Release|Any CPU
		{824CADCA-464B-41C6-AE29-4C897B5C9AC4}.Release|Any CPU.Build.0 = Release|Any CPU
	EndGlobalSection
	GlobalSection(SolutionProperties) = preSolution
		HideSolutionNode = FALSE
	EndGlobalSection
	GlobalSection(ExtensibilityGlobals) = postSolution
		SolutionGuid = {5C5D9F92-7DD4-4557-9C62-4C736221DF31}
	EndGlobalSection
EndGlobal
